
Microsoft Visual Studio Solution File, Format Version 12.00
# Visual Studio Version 17
VisualStudioVersion = 17.4.33110.190
MinimumVisualStudioVersion = 10.0.40219.1
Project("{9A19103F-16F7-4668-BE54-9A1E7A4F7556}") = "WPFLib", "WPFLib\WPFLib.csproj", "{A2CAC3B3-95B1-4677-9A99-811F4A156BB6}"
EndProject
Project("{9A19103F-16F7-4668-BE54-9A1E7A4F7556}") = "JSON", "JSON\JSON.csproj", "{22016398-E40F-4F21-A479-5011A4CDBE7E}"
EndProject
Project("{FAE04EC0-301F-11D3-BF4B-00C04F79EFBC}") = "Theme", "Theme\Theme.csproj", "{DE7B9C09-C385-453F-B4E2-410240A89750}"
EndProject
Global
	GlobalSection(SolutionConfigurationPlatforms) = preSolution
		Debug|Any CPU = Debug|Any CPU
		Release|Any CPU = Release|Any CPU
	EndGlobalSection
	GlobalSection(ProjectConfigurationPlatforms) = postSolution
		{A2CAC3B3-95B1-4677-9A99-811F4A156BB6}.Debug|Any CPU.ActiveCfg = Debug|Any CPU
		{A2CAC3B3-95B1-4677-9A99-811F4A156BB6}.Debug|Any CPU.Build.0 = Debug|Any CPU
		{A2CAC3B3-95B1-4677-9A99-811F4A156BB6}.Release|Any CPU.ActiveCfg = Release|Any CPU
		{A2CAC3B3-95B1-4677-9A99-811F4A156BB6}.Release|Any CPU.Build.0 = Release|Any CPU
		{22016398-E40F-4F21-A479-5011A4CDBE7E}.Debug|Any CPU.ActiveCfg = Debug|Any CPU
		{22016398-E40F-4F21-A479-5011A4CDBE7E}.Debug|Any CPU.Build.0 = Debug|Any CPU
		{22016398-E40F-4F21-A479-5011A4CDBE7E}.Release|Any CPU.ActiveCfg = Release|Any CPU
		{22016398-E40F-4F21-A479-5011A4CDBE7E}.Release|Any CPU.Build.0 = Release|Any CPU
		{DE7B9C09-C385-453F-B4E2-410240A89750}.Debug|Any CPU.ActiveCfg = Debug|Any CPU
		{DE7B9C09-C385-453F-B4E2-410240A89750}.Debug|Any CPU.Build.0 = Debug|Any CPU
		{DE7B9C09-C385-453F-B4E2-410240A89750}.Release|Any CPU.ActiveCfg = Release|Any CPU
		{DE7B9C09-C385-453F-B4E2-410240A89750}.Release|Any CPU.Build.0 = Release|Any CPU
	EndGlobalSection
	GlobalSection(SolutionProperties) = preSolution
		HideSolutionNode = FALSE
	EndGlobalSection
	GlobalSection(ExtensibilityGlobals) = postSolution
		SolutionGuid = {78BF8A51-5C69-4C0C-BA78-8F2791A9E20B}
	EndGlobalSection
EndGlobal
